PODS:
  - SDWebImage (5.14.0):
    - SDWebImage/Core (= 5.14.0)
  - SDWebImage/Core (5.14.0)

DEPENDENCIES:
  - SDWebImage (~> 5.0)

SPEC REPOS:
  trunk:
    - SDWebImage

SPEC CHECKSUMS:
  SDWebImage: 9e391cf38577742f501055dca17e4987f6713fe1

PODFILE CHECKSUM: 67a5fc29e60957a77d12be3b5bd33095e5f7260b

COCOAPODS: 1.11.3
